
Microsoft Visual Studio Solution File, Format Version 12.00
# Visual Studio Version 16
VisualStudioVersion = 16.0.35130.168
MinimumVisualStudioVersion = 10.0.40219.1
Project("{FAE04EC0-301F-11D3-BF4B-00C04F79EFBC}") = "Asp2Layer", "Asp2Layer\Asp2Layer.csproj", "{CAF7701D-C93B-40A5-8B30-88C391707501}"
EndProject
Global
	GlobalSection(SolutionConfigurationPlatforms) = preSolution
		Debug|Any CPU = Debug|Any CPU
		Release|Any CPU = Release|Any CPU
	EndGlobalSection
	GlobalSection(ProjectConfigurationPlatforms) = postSolution
		{CAF7701D-C93B-40A5-8B30-88C391707501}.Debug|Any CPU.ActiveCfg = Debug|Any CPU
		{CAF7701D-C93B-40A5-8B30-88C391707501}.Debug|Any CPU.Build.0 = Debug|Any CPU
		{CAF7701D-C93B-40A5-8B30-88C391707501}.Release|Any CPU.ActiveCfg = Release|Any CPU
		{CAF7701D-C93B-40A5-8B30-88C391707501}.Release|Any CPU.Build.0 = Release|Any CPU
	EndGlobalSection
	GlobalSection(SolutionProperties) = preSolution
		HideSolutionNode = FALSE
	EndGlobalSection
	GlobalSection(ExtensibilityGlobals) = postSolution
		SolutionGuid = {C45711DC-DE3D-4081-93C7-F471BE37813D}
	EndGlobalSection
EndGlobal
